
Microsoft Visual Studio Solution File, Format Version 12.00
# Visual Studio Version 17
VisualStudioVersion = 17.4.33103.184
MinimumVisualStudioVersion = 10.0.40219.1
Project("{FAE04EC0-301F-11D3-BF4B-00C04F79EFBC}") = "shoppingAPP", "shoppingAPP\shoppingAPP.csproj", "{F82DA166-B802-4759-80E5-76C3DA42F9A1}"
EndProject
Global
	GlobalSection(SolutionConfigurationPlatforms) = preSolution
		Debug|Any CPU = Debug|Any CPU
		Release|Any CPU = Release|Any CPU
	EndGlobalSection
	GlobalSection(ProjectConfigurationPlatforms) = postSolution
		{F82DA166-B802-4759-80E5-76C3DA42F9A1}.Debug|Any CPU.ActiveCfg = Debug|Any CPU
		{F82DA166-B802-4759-80E5-76C3DA42F9A1}.Debug|Any CPU.Build.0 = Debug|Any CPU
		{F82DA166-B802-4759-80E5-76C3DA42F9A1}.Release|Any CPU.ActiveCfg = Release|Any CPU
		{F82DA166-B802-4759-80E5-76C3DA42F9A1}.Release|Any CPU.Build.0 = Release|Any CPU
	EndGlobalSection
	GlobalSection(SolutionProperties) = preSolution
		HideSolutionNode = FALSE
	EndGlobalSection
	GlobalSection(ExtensibilityGlobals) = postSolution
		SolutionGuid = {8D820D53-D8E4-4A5F-8A0B-DB979A0501E7}
	EndGlobalSection
EndGlobal
